{
  "name": "agui-interop",
  "version": "1.0.0",
  "lockfileVersion": 3,
  "requires": true,
  "packages": {
    "": {
      "name": "agui-interop",
      "version": "1.0.0",
      "dependencies": {
        "@ag-ui/client": "0.0.57",
        "@ag-ui/core": "0.0.57"
      }
    },
    "node_modules/@ag-ui/client": {
      "version": "0.0.57",
      "resolved": "https://registry.npmjs.org/@ag-ui/client/-/client-0.0.57.tgz",
      "integrity": "sha512-Xap2alG9Z0/j5kb3x4D7oTpe2sw1dfrC9rgJJr2NZu5vKcm8dzIPNd31mF2B4zS3BKqYIu245yxKPhEtT30MHw==",
      "dependencies": {
        "@ag-ui/core": "0.0.57",
        "@ag-ui/encoder": "0.0.57",
        "@ag-ui/proto": "0.0.57",
        "@types/uuid": "^10.0.0",
        "compare-versions": "^6.1.1",
        "fast-json-patch": "^3.1.1",
        "rxjs": "7.8.1",
        "untruncate-json": "^0.0.1",
        "uuid": "^11.1.0",
        "zod": "^3.22.4"
      }
    },
    "node_modules/@ag-ui/core": {
      "version": "0.0.57",
      "resolved": "https://registry.npmjs.org/@ag-ui/core/-/core-0.0.57.tgz",
      "integrity": "sha512-gho1OWjNE6E3Rl7ZEZ1wr2CEpUHjLFU0FqzCZZk439TicLu+BfLCMkMokB07bMGlRmbJ60hM6LW60iOVauCx+Q==",
      "dependencies": {
        "zod": "^3.22.4"
      }
    },
    "node_modules/@ag-ui/encoder": {
      "version": "0.0.57",
      "resolved": "https://registry.npmjs.org/@ag-ui/encoder/-/encoder-0.0.57.tgz",
      "integrity": "sha512-ifD9NctR4xyPDR58xF9GK1bj/S8oECFkTeDfuYD8tXdbcOstIJ2TOqU2zhiCKnw7Vw+zR9Qv3TbsM9E7Gi9X3Q==",
      "dependencies": {
        "@ag-ui/core": "0.0.57",
        "@ag-ui/proto": "0.0.57"
      }
    },
    "node_modules/@ag-ui/proto": {
      "version": "0.0.57",
      "resolved": "https://registry.npmjs.org/@ag-ui/proto/-/proto-0.0.57.tgz",
      "integrity": "sha512-pPENOZt0P6ibH8sCTgq05wLYXi5t3P9B5r/1bWYehXjUxtyOdnukSlWM++SsCIwUXsQdm/b3aBgGjEeTF7RenA==",
      "dependencies": {
        "@ag-ui/core": "0.0.57",
        "@bufbuild/protobuf": "^2.2.5",
        "@protobuf-ts/protoc": "^2.11.1"
      }
    },
    "node_modules/@bufbuild/protobuf": {
      "version": "2.12.1",
      "resolved": "https://registry.npmjs.org/@bufbuild/protobuf/-/protobuf-2.12.1.tgz",
      "integrity": "sha512-BvAMfS6LrgZiryOAZ4pBYucu4wG/Ei/9o9DZ9akbREnMLbPJiom2i8b9C8IsKErQoiKqVhrerzt3kOT/RrzLHg==",
      "license": "(Apache-2.0 AND BSD-3-Clause)"
    },
    "node_modules/@protobuf-ts/protoc": {
      "version": "2.11.1",
      "resolved": "https://registry.npmjs.org/@protobuf-ts/protoc/-/protoc-2.11.1.tgz",
      "integrity": "sha512-mUZJaV0daGO6HUX90o/atzQ6A7bbN2RSuHtdwo8SSF2Qoe3zHwa4IHyCN1evftTeHfLmdz+45qo47sL+5P8nyg==",
      "license": "Apache-2.0",
      "bin": {
        "protoc": "protoc.js"
      }
    },
    "node_modules/@types/uuid": {
      "version": "10.0.0",
      "resolved": "https://registry.npmjs.org/@types/uuid/-/uuid-10.0.0.tgz",
      "integrity": "sha512-7gqG38EyHgyP1S+7+xomFtL+ZNHcKv6DwNaCZmJmo1vgMugyF3TCnXVg4t1uk89mLNwnLtnY3TpOpCOyp1/xHQ==",
      "license": "MIT"
    },
    "node_modules/compare-versions": {
      "version": "6.1.1",
      "resolved": "https://registry.npmjs.org/compare-versions/-/compare-versions-6.1.1.tgz",
      "integrity": "sha512-4hm4VPpIecmlg59CHXnRDnqGplJFrbLG4aFEl5vl6cK1u76ws3LLvX7ikFnTDl5vo39sjWD6AaDPYodJp/NNHg==",
      "license": "MIT"
    },
    "node_modules/fast-json-patch": {
      "version": "3.1.1",
      "resolved": "https://registry.npmjs.org/fast-json-patch/-/fast-json-patch-3.1.1.tgz",
      "integrity": "sha512-vf6IHUX2SBcA+5/+4883dsIjpBTqmfBjmYiWK1savxQmFk4JfBMLa7ynTYOs1Rolp/T1betJxHiGD3g1Mn8lUQ==",
      "license": "MIT"
    },
    "node_modules/rxjs": {
      "version": "7.8.1",
      "resolved": "https://registry.npmjs.org/rxjs/-/rxjs-7.8.1.tgz",
      "integrity": "sha512-AA3TVj+0A2iuIoQkWEK/tqFjBq2j+6PO6Y0zJcvzLAFhEFIO3HL0vls9hWLncZbAAbK0mar7oZ4V079I/qPMxg==",
      "license": "Apache-2.0",
      "dependencies": {
        "tslib": "^2.1.0"
      }
    },
    "node_modules/tslib": {
      "version": "2.8.1",
      "resolved": "https://registry.npmjs.org/tslib/-/tslib-2.8.1.tgz",
      "integrity": "sha512-oJFu94HQb+KVduSUQL7wnpmqnfmLsOA/nAh6b6EH0wCEoK0/mPeXU6c3wKDV83MkOuHPRHtSXKKU99IBazS/2w==",
      "license": "0BSD"
    },
    "node_modules/untruncate-json": {
      "version": "0.0.1",
      "resolved": "https://registry.npmjs.org/untruncate-json/-/untruncate-json-0.0.1.tgz",
      "integrity": "sha512-4W9enDK4X1y1s2S/Rz7ysw6kDuMS3VmRjMFg7GZrNO+98OSe+x5Lh7PKYoVjy3lW/1wmhs6HW0lusnQRHgMarA==",
      "license": "MIT"
    },
    "node_modules/uuid": {
      "version": "11.1.1",
      "resolved": "https://registry.npmjs.org/uuid/-/uuid-11.1.1.tgz",
      "integrity": "sha512-vIYxrBCC/N/K+Js3qSN88go7kIfNPssr/hHCesKCQNAjmgvYS2oqr69kIufEG+O4+PfezOH4EbIeHCfFov8ZgQ==",
      "funding": [
        "https://github.com/sponsors/broofa",
        "https://github.com/sponsors/ctavan"
      ],
      "license": "MIT",
      "bin": {
        "uuid": "dist/esm/bin/uuid"
      }
    },
    "node_modules/zod": {
      "version": "3.25.76",
      "resolved": "https://registry.npmjs.org/zod/-/zod-3.25.76.tgz",
      "integrity": "sha512-gzUt/qt81nXsFGKIFcC3YnfEAx5NkunCfnDlvuBSSFS02bcXu4Lmea0AFIUwbLWxWPx3d9p8S5QoaujKcNQxcQ==",
      "license": "MIT",
      "funding": {
        "url": "https://github.com/sponsors/colinhacks"
      }
    }
  }
}
