# This file is automatically @generated by Cargo.
# It is not intended for manual editing.
version = 3

[[package]]
name = "addr"
version = "0.15.6"
source = "registry+https://github.com/rust-lang/crates.io-index"
checksum = "a93b8a41dbe230ad5087cc721f8d41611de654542180586b315d9f4cf6b72bef"
dependencies = [
 "psl-types",
]

[[package]]
name = "ahash"
version = "0.7.8"
source = "registry+https://github.com/rust-lang/crates.io-index"
checksum = "891477e0c6a8957309ee5c45a6368af3ae14bb510732d2684ffa19af310920f9"
dependencies = [
 "getrandom",
 "once_cell",
 "version_check",
]

[[package]]
name = "aho-corasick"
version = "1.1.3"
source = "registry+https://github.com/rust-lang/crates.io-index"
checksum = "8e60d3430d3a69478ad0993f19238d2df97c507009a52b3c10addcd7f6bcb916"
dependencies = [
 "memchr",
]

[[package]]
name = "anyhow"
version = "1.0.86"
source = "registry+https://github.com/rust-lang/crates.io-index"
checksum = "b3d1d046238990b9cf5bcde22a3fb3584ee5cf65fb2765f454ed428c7a0063da"

[[package]]
name = "autocfg"
version = "1.3.0"
source = "registry+https://github.com/rust-lang/crates.io-index"
checksum = "0c4b4d0bd25bd0b74681c0ad21497610ce1b7c91b1022cd21c80c6fbdd9476b0"

[[package]]
name = "base64"
version = "0.13.1"
source = "registry+https://github.com/rust-lang/crates.io-index"
checksum = "9e1b586273c5702936fe7b7d6896644d8be71e6314cfe09d3167c95f712589e8"

[[package]]
name = "base64"
version = "0.21.7"
source = "registry+https://github.com/rust-lang/crates.io-index"
checksum = "9d297deb1925b89f2ccc13d7635fa0714f12c87adce1c75356b39ca9b7178567"

[[package]]
name = "bigdecimal"
version = "0.3.1"
source = "registry+https://github.com/rust-lang/crates.io-index"
checksum = "a6773ddc0eafc0e509fb60e48dff7f450f8e674a0686ae8605e8d9901bd5eefa"
dependencies = [
 "num-bigint",
 "num-integer",
 "num-traits",
]

[[package]]
name = "bit-set"
version = "0.5.3"
source = "registry+https://github.com/rust-lang/crates.io-index"
checksum = "0700ddab506f33b20a03b13996eccd309a48e5ff77d0d95926aa0210fb4e95f1"
dependencies = [
 "bit-vec",
]

[[package]]
name = "bit-vec"
version = "0.6.3"
source = "registry+https://github.com/rust-lang/crates.io-index"
checksum = "349f9b6a179ed607305526ca489b34ad0a41aed5f7980fa90eb03160b69598fb"

[[package]]
name = "bitflags"
version = "2.6.0"
source = "registry+https://github.com/rust-lang/crates.io-index"
checksum = "b048fb63fd8b5923fc5aa7b340d8e156aec7ec02f0c78fa8a6ddc2613f6f71de"

[[package]]
name = "bitvec"
version = "0.19.6"
source = "registry+https://github.com/rust-lang/crates.io-index"
checksum = "55f93d0ef3363c364d5976646a38f04cf67cfe1d4c8d160cdea02cab2c116b33"
dependencies = [
 "funty 1.1.0",
 "radium 0.5.3",
 "tap",
 "wyz 0.2.0",
]

[[package]]
name = "bitvec"
version = "1.0.1"
source = "registry+https://github.com/rust-lang/crates.io-index"
checksum = "1bc2832c24239b0141d5674bb9174f9d68a8b5b3f2753311927c172ca46f7e9c"
dependencies = [
 "funty 2.0.0",
 "radium 0.7.0",
 "tap",
 "wyz 0.5.1",
]

[[package]]
name = "bumpalo"
version = "3.16.0"
source = "registry+https://github.com/rust-lang/crates.io-index"
checksum = "79296716171880943b8470b5f8d03aa55eb2e645a4874bdbb28adb49162e012c"

[[package]]
name = "bytecheck"
version = "0.6.12"
source = "registry+https://github.com/rust-lang/crates.io-index"
checksum = "23cdc57ce23ac53c931e88a43d06d070a6fd142f2617be5855eb75efc9beb1c2"
dependencies = [
 "bytecheck_derive",
 "ptr_meta",
 "simdutf8",
]

[[package]]
name = "bytecheck_derive"
version = "0.6.12"
source = "registry+https://github.com/rust-lang/crates.io-index"
checksum = "3db406d29fbcd95542e92559bed4d8ad92636d1ca8b3b72ede10b4bcc010e659"
dependencies = [
 "proc-macro2",
 "quote",
 "syn 1.0.109",
]

[[package]]
name = "byteorder"
version = "1.5.0"
source = "registry+https://github.com/rust-lang/crates.io-index"
checksum = "1fd0f2584146f6f2ef48085050886acf353beff7305ebd1ae69500e27c67f64b"

[[package]]
name = "bytes"
version = "1.7.1"
source = "registry+https://github.com/rust-lang/crates.io-index"
checksum = "8318a53db07bb3f8dca91a600466bdb3f2eaadeedfdbcf02e1accbad9271ba50"

[[package]]
name = "caseless"
version = "0.2.1"
source = "registry+https://github.com/rust-lang/crates.io-index"
checksum = "808dab3318747be122cb31d36de18d4d1c81277a76f8332a02b81a3d73463d7f"
dependencies = [
 "regex",
 "unicode-normalization",
]

[[package]]
name = "cc"
version = "1.1.12"
source = "registry+https://github.com/rust-lang/crates.io-index"
checksum = "68064e60dbf1f17005c2fde4d07c16d8baa506fd7ffed8ccab702d93617975c7"
dependencies = [
 "shlex",
]

[[package]]
name = "cfg-if"
version = "1.0.0"
source = "registry+https://github.com/rust-lang/crates.io-index"
checksum = "baf1de4339761588bc0619e3cbc0120ee582ebb74b53b4efbf79117bd2da40fd"

[[package]]
name = "chrono"
version = "0.4.38"
source = "registry+https://github.com/rust-lang/crates.io-index"
checksum = "a21f936df1771bf62b77f047b726c4625ff2e8aa607c01ec06e5a05bd8463401"
dependencies = [
 "num-traits",
]

[[package]]
name = "console"
version = "0.15.8"
source = "registry+https://github.com/rust-lang/crates.io-index"
checksum = "0e1f83fc076bd6dd27517eacdf25fef6c4dfe5f1d7448bafaaf3a26f13b5e4eb"
dependencies = [
 "encode_unicode",
 "lazy_static",
 "libc",
 "windows-sys 0.52.0",
]

[[package]]
name = "deranged"
version = "0.3.11"
source = "registry+https://github.com/rust-lang/crates.io-index"
checksum = "b42b6fa04a440b495c8b04d0e71b707c585f83cb9cb28cf8cd0d976c315e31b4"
dependencies = [
 "powerfmt",
 "serde",
]

[[package]]
name = "derive-typescript"
version = "0.1.0"
dependencies = [
 "anyhow",
 "doc",
 "insta",
 "itertools 0.11.0",
 "json",
 "lazy_static",
 "models",
 "proto-flow",
 "regex",
 "serde",
 "serde_json",
 "serde_yaml 0.9.34+deprecated",
 "sources",
 "tables",
 "tempfile",
 "tracing",
 "tracing-subscriber",
 "url",
]

[[package]]
name = "doc"
version = "0.0.0"
source = "git+https://github.com/estuary/flow?branch=master#552f6c0ee269326fd3016e11e5e102fb60bbc062"
dependencies = [
 "base64 0.13.1",
 "bigdecimal",
 "bumpalo",
 "bytes",
 "fancy-regex",
 "futures",
 "fxhash",
 "itertools 0.10.5",
 "json",
 "lz4",
 "proto-gazette",
 "rkyv",
 "schemars",
 "serde",
 "serde_json",
 "tempfile",
 "thiserror",
 "time",
 "tracing",
 "tuple",
 "url",
 "uuid",
]

[[package]]
name = "dyn-clone"
version = "1.0.17"
source = "registry+https://github.com/rust-lang/crates.io-index"
checksum = "0d6ef0072f8a535281e4876be788938b528e9a1d43900b82c2569af7da799125"

[[package]]
name = "either"
version = "1.13.0"
source = "registry+https://github.com/rust-lang/crates.io-index"
checksum = "60b1af1c220855b6ceac025d3f6ecdd2b7c4894bfe9cd9bda4fbb4bc7c0d4cf0"

[[package]]
name = "encode_unicode"
version = "0.3.6"
source = "registry+https://github.com/rust-lang/crates.io-index"
checksum = "a357d28ed41a50f9c765dbfe56cbc04a64e53e5fc58ba79fbc34c10ef3df831f"

[[package]]
name = "equivalent"
version = "1.0.1"
source = "registry+https://github.com/rust-lang/crates.io-index"
checksum = "5443807d6dff69373d433ab9ef5378ad8df50ca6298caf15de6e52e24aaf54d5"

[[package]]
name = "errno"
version = "0.3.9"
source = "registry+https://github.com/rust-lang/crates.io-index"
checksum = "534c5cf6194dfab3db3242765c03bbe257cf92f22b38f6bc0c58d59108a820ba"
dependencies = [
 "libc",
 "windows-sys 0.52.0",
]

[[package]]
name = "fancy-regex"
version = "0.10.0"
source = "registry+https://github.com/rust-lang/crates.io-index"
checksum = "0678ab2d46fa5195aaf59ad034c083d351377d4af57f3e073c074d0da3e3c766"
dependencies = [
 "bit-set",
 "regex",
]

[[package]]
name = "fastrand"
version = "2.1.0"
source = "registry+https://github.com/rust-lang/crates.io-index"
checksum = "9fc0510504f03c51ada170672ac806f1f105a88aa97a5281117e1ddc3368e51a"

[[package]]
name = "fixedbitset"
version = "0.4.2"
source = "registry+https://github.com/rust-lang/crates.io-index"
checksum = "0ce7134b9999ecaf8bcd65542e436736ef32ddca1b3e06094cb6ec5755203b80"

[[package]]
name = "form_urlencoded"
version = "1.2.1"
source = "registry+https://github.com/rust-lang/crates.io-index"
checksum = "e13624c2627564efccf4934284bdd98cbaa14e79b0b5a141218e507b3a823456"
dependencies = [
 "percent-encoding",
]

[[package]]
name = "funty"
version = "1.1.0"
source = "registry+https://github.com/rust-lang/crates.io-index"
checksum = "fed34cd105917e91daa4da6b3728c47b068749d6a62c59811f06ed2ac71d9da7"

[[package]]
name = "funty"
version = "2.0.0"
source = "registry+https://github.com/rust-lang/crates.io-index"
checksum = "e6d5a32815ae3f33302d95fdcb2ce17862f8c65363dcfd29360480ba1001fc9c"

[[package]]
name = "futures"
version = "0.3.30"
source = "registry+https://github.com/rust-lang/crates.io-index"
checksum = "645c6916888f6cb6350d2550b80fb63e734897a8498abe35cfb732b6487804b0"
dependencies = [
 "futures-channel",
 "futures-core",
 "futures-executor",
 "futures-io",
 "futures-sink",
 "futures-task",
 "futures-util",
]

[[package]]
name = "futures-channel"
version = "0.3.30"
source = "registry+https://github.com/rust-lang/crates.io-index"
checksum = "eac8f7d7865dcb88bd4373ab671c8cf4508703796caa2b1985a9ca867b3fcb78"
dependencies = [
 "futures-core",
 "futures-sink",
]

[[package]]
name = "futures-core"
version = "0.3.30"
source = "registry+https://github.com/rust-lang/crates.io-index"
checksum = "dfc6580bb841c5a68e9ef15c77ccc837b40a7504914d52e47b8b0e9bbda25a1d"

[[package]]
name = "futures-executor"
version = "0.3.30"
source = "registry+https://github.com/rust-lang/crates.io-index"
checksum = "a576fc72ae164fca6b9db127eaa9a9dda0d61316034f33a0a0d4eda41f02b01d"
dependencies = [
 "futures-core",
 "futures-task",
 "futures-util",
]

[[package]]
name = "futures-io"
version = "0.3.30"
source = "registry+https://github.com/rust-lang/crates.io-index"
checksum = "a44623e20b9681a318efdd71c299b6b222ed6f231972bfe2f224ebad6311f0c1"

[[package]]
name = "futures-macro"
version = "0.3.30"
source = "registry+https://github.com/rust-lang/crates.io-index"
checksum = "87750cf4b7a4c0625b1529e4c543c2182106e4dedc60a2a6455e00d212c489ac"
dependencies = [
 "proc-macro2",
 "quote",
 "syn 2.0.74",
]

[[package]]
name = "futures-sink"
version = "0.3.30"
source = "registry+https://github.com/rust-lang/crates.io-index"
checksum = "9fb8e00e87438d937621c1c6269e53f536c14d3fbd6a042bb24879e57d474fb5"

[[package]]
name = "futures-task"
version = "0.3.30"
source = "registry+https://github.com/rust-lang/crates.io-index"
checksum = "38d84fa142264698cdce1a9f9172cf383a0c82de1bddcf3092901442c4097004"

[[package]]
name = "futures-util"
version = "0.3.30"
source = "registry+https://github.com/rust-lang/crates.io-index"
checksum = "3d6401deb83407ab3da39eba7e33987a73c3df0c82b4bb5813ee871c19c41d48"
dependencies = [
 "futures-channel",
 "futures-core",
 "futures-io",
 "futures-macro",
 "futures-sink",
 "futures-task",
 "memchr",
 "pin-project-lite",
 "pin-utils",
 "slab",
]

[[package]]
name = "fxhash"
version = "0.2.1"
source = "registry+https://github.com/rust-lang/crates.io-index"
checksum = "c31b6d751ae2c7f11320402d34e41349dd1016f8d5d45e48c4312bc8625af50c"
dependencies = [
 "byteorder",
]

[[package]]
name = "getrandom"
version = "0.2.15"
source = "registry+https://github.com/rust-lang/crates.io-index"
checksum = "c4567c8db10ae91089c99af84c68c38da3ec2f087c3f82960bcdbf3656b6f4d7"
dependencies = [
 "cfg-if",
 "libc",
 "wasi",
]

[[package]]
name = "hashbrown"
version = "0.12.3"
source = "registry+https://github.com/rust-lang/crates.io-index"
checksum = "8a9ee70c43aaf417c914396645a0fa852624801b24ebb7ae78fe8272889ac888"
dependencies = [
 "ahash",
]

[[package]]
name = "hashbrown"
version = "0.14.5"
source = "registry+https://github.com/rust-lang/crates.io-index"
checksum = "e5274423e17b7c9fc20b6e7e208532f9b19825d82dfd615708b70edd83df41f1"

[[package]]
name = "heck"
version = "0.5.0"
source = "registry+https://github.com/rust-lang/crates.io-index"
checksum = "2304e00983f87ffb38b55b444b5e3b60a884b5d30c0fca7d82fe33449bbe55ea"

[[package]]
name = "humantime"
version = "2.1.0"
source = "registry+https://github.com/rust-lang/crates.io-index"
checksum = "9a3a5bfb195931eeb336b2a7b4d761daec841b97f947d34394601737a7bba5e4"

[[package]]
name = "humantime-serde"
version = "1.1.1"
source = "registry+https://github.com/rust-lang/crates.io-index"
checksum = "57a3db5ea5923d99402c94e9feb261dc5ee9b4efa158b0315f788cf549cc200c"
dependencies = [
 "humantime",
 "serde",
]

[[package]]
name = "idna"
version = "0.2.3"
source = "registry+https://github.com/rust-lang/crates.io-index"
checksum = "418a0a6fab821475f634efe3ccc45c013f742efe03d853e8d3355d5cb850ecf8"
dependencies = [
 "matches",
 "unicode-bidi",
 "unicode-normalization",
]

[[package]]
name = "idna"
version = "0.5.0"
source = "registry+https://github.com/rust-lang/crates.io-index"
checksum = "634d9b1461af396cad843f47fdba5597a4f9e6ddd4bfb6ff5d85028c25cb12f6"
dependencies = [
 "unicode-bidi",
 "unicode-normalization",
]

[[package]]
name = "if_chain"
version = "1.0.2"
source = "registry+https://github.com/rust-lang/crates.io-index"
checksum = "cb56e1aa765b4b4f3aadfab769793b7087bb03a4ea4920644a6d238e2df5b9ed"

[[package]]
name = "indexmap"
version = "1.9.3"
source = "registry+https://github.com/rust-lang/crates.io-index"
checksum = "bd070e393353796e801d209ad339e89596eb4c8d430d18ede6a1cced8fafbd99"
dependencies = [
 "autocfg",
 "hashbrown 0.12.3",
]

[[package]]
name = "indexmap"
version = "2.4.0"
source = "registry+https://github.com/rust-lang/crates.io-index"
checksum = "93ead53efc7ea8ed3cfb0c79fc8023fbb782a5432b52830b6518941cebe6505c"
dependencies = [
 "equivalent",
 "hashbrown 0.14.5",
]

[[package]]
name = "insta"
version = "1.39.0"
source = "registry+https://github.com/rust-lang/crates.io-index"
checksum = "810ae6042d48e2c9e9215043563a58a80b877bc863228a74cf10c49d4620a6f5"
dependencies = [
 "console",
 "lazy_static",
 "linked-hash-map",
 "similar",
]

[[package]]
name = "integer-sqrt"
version = "0.1.5"
source = "registry+https://github.com/rust-lang/crates.io-index"
checksum = "276ec31bcb4a9ee45f58bec6f9ec700ae4cf4f4f8f2fa7e06cb406bd5ffdd770"
dependencies = [
 "num-traits",
]

[[package]]
name = "iri-string"
version = "0.6.0"
source = "registry+https://github.com/rust-lang/crates.io-index"
checksum = "6d0586ad318a04c73acdbad33f67969519b5452c80770c4c72059a686da48a7e"
dependencies = [
 "memchr",
 "serde",
]

[[package]]
name = "itertools"
version = "0.10.5"
source = "registry+https://github.com/rust-lang/crates.io-index"
checksum = "b0fd2260e829bddf4cb6ea802289de2f86d6a7a690192fbe91b3f46e0f2c8473"
dependencies = [
 "either",
]

[[package]]
name = "itertools"
version = "0.11.0"
source = "registry+https://github.com/rust-lang/crates.io-index"
checksum = "b1c173a5686ce8bfa551b3563d0c2170bf24ca44da99c7ca4bfdab5418c3fe57"
dependencies = [
 "either",
]

[[package]]
name = "itertools"
version = "0.12.1"
source = "registry+https://github.com/rust-lang/crates.io-index"
checksum = "ba291022dbbd398a455acf126c1e341954079855bc60dfdda641363bd6922569"
dependencies = [
 "either",
]

[[package]]
name = "itertools"
version = "0.13.0"
source = "registry+https://github.com/rust-lang/crates.io-index"
checksum = "413ee7dfc52ee1a4949ceeb7dbc8a33f2d6c088194d9f922fb8318faf1f01186"
dependencies = [
 "either",
]

[[package]]
name = "itoa"
version = "1.0.11"
source = "registry+https://github.com/rust-lang/crates.io-index"
checksum = "49f1f14873335454500d59611f1cf4a4b0f786f9ac11f4312a78e4cf2566695b"

[[package]]
name = "json"
version = "0.0.0"
source = "git+https://github.com/estuary/flow?branch=master#552f6c0ee269326fd3016e11e5e102fb60bbc062"
dependencies = [
 "addr",
 "bigdecimal",
 "bitvec 0.19.6",
 "fancy-regex",
 "fxhash",
 "iri-string",
 "itertools 0.10.5",
 "lazy_static",
 "percent-encoding",
 "serde",
 "serde_json",
 "thiserror",
 "time",
 "tracing",
 "url",
 "uuid",
]

[[package]]
name = "labels"
version = "0.0.0"
source = "git+https://github.com/estuary/flow?branch=master#552f6c0ee269326fd3016e11e5e102fb60bbc062"
dependencies = [
 "doc",
 "percent-encoding",
 "proto-flow",
 "proto-gazette",
 "serde_json",
 "thiserror",
]

[[package]]
name = "lazy_static"
version = "1.5.0"
source = "registry+https://github.com/rust-lang/crates.io-index"
checksum = "bbd2bcb4c963f2ddae06a2efc7e9f3591312473c50c6685e1f298068316e66fe"

[[package]]
name = "libc"
version = "0.2.156"
source = "registry+https://github.com/rust-lang/crates.io-index"
checksum = "a5f43f184355eefb8d17fc948dbecf6c13be3c141f20d834ae842193a448c72a"

[[package]]
name = "linked-hash-map"
version = "0.5.6"
source = "registry+https://github.com/rust-lang/crates.io-index"
checksum = "0717cef1bc8b636c6e1c1bbdefc09e6322da8a9321966e8928ef80d20f7f770f"

[[package]]
name = "linux-raw-sys"
version = "0.4.14"
source = "registry+https://github.com/rust-lang/crates.io-index"
checksum = "78b3ae25bc7c8c38cec158d1f2757ee79e9b3740fbc7ccf0e59e4b08d793fa89"

[[package]]
name = "log"
version = "0.4.22"
source = "registry+https://github.com/rust-lang/crates.io-index"
checksum = "a7a70ba024b9dc04c27ea2f0c0548feb474ec5c54bba33a7f72f873a39d07b24"

[[package]]
name = "lz4"
version = "1.26.0"
source = "registry+https://github.com/rust-lang/crates.io-index"
checksum = "958b4caa893816eea05507c20cfe47574a43d9a697138a7872990bba8a0ece68"
dependencies = [
 "libc",
 "lz4-sys",
]

[[package]]
name = "lz4-sys"
version = "1.10.0"
source = "registry+https://github.com/rust-lang/crates.io-index"
checksum = "109de74d5d2353660401699a4174a4ff23fcc649caf553df71933c7fb45ad868"
dependencies = [
 "cc",
 "libc",
]

[[package]]
name = "matchers"
version = "0.1.0"
source = "registry+https://github.com/rust-lang/crates.io-index"
checksum = "8263075bb86c5a1b1427b5ae862e8889656f126e9f77c484496e8b47cf5c5558"
dependencies = [
 "regex-automata 0.1.10",
]

[[package]]
name = "matches"
version = "0.1.10"
source = "registry+https://github.com/rust-lang/crates.io-index"
checksum = "2532096657941c2fea9c289d370a250971c689d4f143798ff67113ec042024a5"

[[package]]
name = "md5"
version = "0.7.0"
source = "registry+https://github.com/rust-lang/crates.io-index"
checksum = "490cc448043f947bae3cbee9c203358d62dbee0db12107a74be5c30ccfd09771"

[[package]]
name = "memchr"
version = "2.7.4"
source = "registry+https://github.com/rust-lang/crates.io-index"
checksum = "78ca9ab1a0babb1e7d5695e3530886289c18cf2f87ec19a575a0abdce112e3a3"

[[package]]
name = "models"
version = "0.0.0"
source = "git+https://github.com/estuary/flow?branch=master#552f6c0ee269326fd3016e11e5e102fb60bbc062"
dependencies = [
 "caseless",
 "humantime-serde",
 "lazy_static",
 "regex",
 "schemars",
 "serde",
 "serde_json",
 "superslice",
 "time",
 "unicode-normalization",
 "url",
 "uuid",
 "validator",
]

[[package]]
name = "multimap"
version = "0.10.0"
source = "registry+https://github.com/rust-lang/crates.io-index"
checksum = "defc4c55412d89136f966bbb339008b474350e5e6e78d2714439c386b3137a03"

[[package]]
name = "nu-ansi-term"
version = "0.46.0"
source = "registry+https://github.com/rust-lang/crates.io-index"
checksum = "77a8165726e8236064dbb45459242600304b42a5ea24ee2948e18e023bf7ba84"
dependencies = [
 "overload",
 "winapi",
]

[[package]]
name = "num-bigint"
version = "0.4.6"
source = "registry+https://github.com/rust-lang/crates.io-index"
checksum = "a5e44f723f1133c9deac646763579fdb3ac745e418f2a7af9cd0c431da1f20b9"
dependencies = [
 "num-integer",
 "num-traits",
]

[[package]]
name = "num-conv"
version = "0.1.0"
source = "registry+https://github.com/rust-lang/crates.io-index"
checksum = "51d515d32fb182ee37cda2ccdcb92950d6a3c2893aa280e540671c2cd0f3b1d9"

[[package]]
name = "num-integer"
version = "0.1.46"
source = "registry+https://github.com/rust-lang/crates.io-index"
checksum = "7969661fd2958a5cb096e56c8e1ad0444ac2bbcd0061bd28660485a44879858f"
dependencies = [
 "num-traits",
]

[[package]]
name = "num-traits"
version = "0.2.19"
source = "registry+https://github.com/rust-lang/crates.io-index"
checksum = "071dfc062690e90b734c0b2273ce72ad0ffa95f0c74596bc250dcfd960262841"
dependencies = [
 "autocfg",
]

[[package]]
name = "once_cell"
version = "1.19.0"
source = "registry+https://github.com/rust-lang/crates.io-index"
checksum = "3fdb12b2476b595f9358c5161aa467c2438859caa136dec86c26fdd2efe17b92"

[[package]]
name = "overload"
version = "0.1.1"
source = "registry+https://github.com/rust-lang/crates.io-index"
checksum = "b15813163c1d831bf4a13c3610c05c0d03b39feb07f7e09fa234dac9b15aaf39"

[[package]]
name = "pathfinding"
version = "3.0.14"
source = "registry+https://github.com/rust-lang/crates.io-index"
checksum = "cb45190a18e771c500291c549959777a3be38d30113a860930bc1f2119f0cc13"
dependencies = [
 "fixedbitset",
 "indexmap 1.9.3",
 "integer-sqrt",
 "itertools 0.10.5",
 "num-traits",
 "rustc-hash",
 "thiserror",
]

[[package]]
name = "pbjson"
version = "0.7.0"
source = "registry+https://github.com/rust-lang/crates.io-index"
checksum = "c7e6349fa080353f4a597daffd05cb81572a9c031a6d4fff7e504947496fcc68"
dependencies = [
 "base64 0.21.7",
 "serde",
]

[[package]]
name = "pbjson-build"
version = "0.7.0"
source = "registry+https://github.com/rust-lang/crates.io-index"
checksum = "6eea3058763d6e656105d1403cb04e0a41b7bbac6362d413e7c33be0c32279c9"
dependencies = [
 "heck",
 "itertools 0.13.0",
 "prost",
 "prost-types",
]

[[package]]
name = "pbjson-types"
version = "0.7.0"
source = "registry+https://github.com/rust-lang/crates.io-index"
checksum = "e54e5e7bfb1652f95bc361d76f3c780d8e526b134b85417e774166ee941f0887"
dependencies = [
 "bytes",
 "chrono",
 "pbjson",
 "pbjson-build",
 "prost",
 "prost-build",
 "serde",
]

[[package]]
name = "percent-encoding"
version = "2.3.1"
source = "registry+https://github.com/rust-lang/crates.io-index"
checksum = "e3148f5046208a5d56bcfc03053e3ca6334e51da8dfb19b6cdc8b306fae3283e"

[[package]]
name = "petgraph"
version = "0.6.5"
source = "registry+https://github.com/rust-lang/crates.io-index"
checksum = "b4c5cc86750666a3ed20bdaf5ca2a0344f9c67674cae0515bec2da16fbaa47db"
dependencies = [
 "fixedbitset",
 "indexmap 2.4.0",
]

[[package]]
name = "pin-project-lite"
version = "0.2.14"
source = "registry+https://github.com/rust-lang/crates.io-index"
checksum = "bda66fc9667c18cb2758a2ac84d1167245054bcf85d5d1aaa6923f45801bdd02"

[[package]]
name = "pin-utils"
version = "0.1.0"
source = "registry+https://github.com/rust-lang/crates.io-index"
checksum = "8b870d8c151b6f2fb93e84a13146138f05d02ed11c7e7c54f8826aaaf7c9f184"

[[package]]
name = "powerfmt"
version = "0.2.0"
source = "registry+https://github.com/rust-lang/crates.io-index"
checksum = "439ee305def115ba05938db6eb1644ff94165c5ab5e9420d1c1bcedbba909391"

[[package]]
name = "prettyplease"
version = "0.2.20"
source = "registry+https://github.com/rust-lang/crates.io-index"
checksum = "5f12335488a2f3b0a83b14edad48dca9879ce89b2edd10e80237e4e852dd645e"
dependencies = [
 "proc-macro2",
 "syn 2.0.74",
]

[[package]]
name = "proc-macro-error"
version = "1.0.4"
source = "registry+https://github.com/rust-lang/crates.io-index"
checksum = "da25490ff9892aab3fcf7c36f08cfb902dd3e71ca0f9f9517bea02a73a5ce38c"
dependencies = [
 "proc-macro-error-attr",
 "proc-macro2",
 "quote",
 "syn 1.0.109",
 "version_check",
]

[[package]]
name = "proc-macro-error-attr"
version = "1.0.4"
source = "registry+https://github.com/rust-lang/crates.io-index"
checksum = "a1be40180e52ecc98ad80b184934baf3d0d29f979574e439af5a55274b35f869"
dependencies = [
 "proc-macro2",
 "quote",
 "version_check",
]

[[package]]
name = "proc-macro2"
version = "1.0.86"
source = "registry+https://github.com/rust-lang/crates.io-index"
checksum = "5e719e8df665df0d1c8fbfd238015744736151d4445ec0836b8e628aae103b77"
dependencies = [
 "unicode-ident",
]

[[package]]
name = "prost"
version = "0.13.4"
source = "registry+https://github.com/rust-lang/crates.io-index"
checksum = "2c0fef6c4230e4ccf618a35c59d7ede15dea37de8427500f50aff708806e42ec"
dependencies = [
 "bytes",
 "prost-derive",
]

[[package]]
name = "prost-build"
version = "0.13.4"
source = "registry+https://github.com/rust-lang/crates.io-index"
checksum = "d0f3e5beed80eb580c68e2c600937ac2c4eedabdfd5ef1e5b7ea4f3fba84497b"
dependencies = [
 "heck",
 "itertools 0.12.1",
 "log",
 "multimap",
 "once_cell",
 "petgraph",
 "prettyplease",
 "prost",
 "prost-types",
 "regex",
 "syn 2.0.74",
 "tempfile",
]

[[package]]
name = "prost-derive"
version = "0.13.4"
source = "registry+https://github.com/rust-lang/crates.io-index"
checksum = "157c5a9d7ea5c2ed2d9fb8f495b64759f7816c7eaea54ba3978f0d63000162e3"
dependencies = [
 "anyhow",
 "itertools 0.12.1",
 "proc-macro2",
 "quote",
 "syn 2.0.74",
]

[[package]]
name = "prost-types"
version = "0.13.4"
source = "registry+https://github.com/rust-lang/crates.io-index"
checksum = "cc2f1e56baa61e93533aebc21af4d2134b70f66275e0fcdf3cbe43d77ff7e8fc"
dependencies = [
 "prost",
]

[[package]]
name = "proto-flow"
version = "0.0.0"
source = "git+https://github.com/estuary/flow?branch=master#552f6c0ee269326fd3016e11e5e102fb60bbc062"
dependencies = [
 "bytes",
 "pbjson",
 "pbjson-types",
 "prost",
 "proto-gazette",
 "serde",
 "serde_json",
 "zeroize",
]

[[package]]
name = "proto-gazette"
version = "0.0.0"
source = "git+https://github.com/estuary/flow?branch=master#552f6c0ee269326fd3016e11e5e102fb60bbc062"
dependencies = [
 "bytes",
 "pbjson",
 "pbjson-types",
 "prost",
 "serde",
 "thiserror",
 "uuid",
]

[[package]]
name = "psl-types"
version = "2.0.11"
source = "registry+https://github.com/rust-lang/crates.io-index"
checksum = "33cb294fe86a74cbcf50d4445b37da762029549ebeea341421c7c70370f86cac"

[[package]]
name = "ptr_meta"
version = "0.1.4"
source = "registry+https://github.com/rust-lang/crates.io-index"
checksum = "0738ccf7ea06b608c10564b31debd4f5bc5e197fc8bfe088f68ae5ce81e7a4f1"
dependencies = [
 "ptr_meta_derive",
]

[[package]]
name = "ptr_meta_derive"
version = "0.1.4"
source = "registry+https://github.com/rust-lang/crates.io-index"
checksum = "16b845dbfca988fa33db069c0e230574d15a3088f147a87b64c7589eb662c9ac"
dependencies = [
 "proc-macro2",
 "quote",
 "syn 1.0.109",
]

[[package]]
name = "quote"
version = "1.0.36"
source = "registry+https://github.com/rust-lang/crates.io-index"
checksum = "0fa76aaf39101c457836aec0ce2316dbdc3ab723cdda1c6bd4e6ad4208acaca7"
dependencies = [
 "proc-macro2",
]

[[package]]
name = "radium"
version = "0.5.3"
source = "registry+https://github.com/rust-lang/crates.io-index"
checksum = "941ba9d78d8e2f7ce474c015eea4d9c6d25b6a3327f9832ee29a4de27f91bbb8"

[[package]]
name = "radium"
version = "0.7.0"
source = "registry+https://github.com/rust-lang/crates.io-index"
checksum = "dc33ff2d4973d518d823d61aa239014831e521c75da58e3df4840d3f47749d09"

[[package]]
name = "regex"
version = "1.10.6"
source = "registry+https://github.com/rust-lang/crates.io-index"
checksum = "4219d74c6b67a3654a9fbebc4b419e22126d13d2f3c4a07ee0cb61ff79a79619"
dependencies = [
 "aho-corasick",
 "memchr",
 "regex-automata 0.4.7",
 "regex-syntax 0.8.4",
]

[[package]]
name = "regex-automata"
version = "0.1.10"
source = "registry+https://github.com/rust-lang/crates.io-index"
checksum = "6c230d73fb8d8c1b9c0b3135c5142a8acee3a0558fb8db5cf1cb65f8d7862132"
dependencies = [
 "regex-syntax 0.6.29",
]

[[package]]
name = "regex-automata"
version = "0.4.7"
source = "registry+https://github.com/rust-lang/crates.io-index"
checksum = "38caf58cc5ef2fed281f89292ef23f6365465ed9a41b7a7754eb4e26496c92df"
dependencies = [
 "aho-corasick",
 "memchr",
 "regex-syntax 0.8.4",
]

[[package]]
name = "regex-syntax"
version = "0.6.29"
source = "registry+https://github.com/rust-lang/crates.io-index"
checksum = "f162c6dd7b008981e4d40210aca20b4bd0f9b60ca9271061b07f78537722f2e1"

[[package]]
name = "regex-syntax"
version = "0.8.4"
source = "registry+https://github.com/rust-lang/crates.io-index"
checksum = "7a66a03ae7c801facd77a29370b4faec201768915ac14a721ba36f20bc9c209b"

[[package]]
name = "rend"
version = "0.4.2"
source = "registry+https://github.com/rust-lang/crates.io-index"
checksum = "71fe3824f5629716b1589be05dacd749f6aa084c87e00e016714a8cdfccc997c"
dependencies = [
 "bytecheck",
]

[[package]]
name = "rkyv"
version = "0.7.44"
source = "registry+https://github.com/rust-lang/crates.io-index"
checksum = "5cba464629b3394fc4dbc6f940ff8f5b4ff5c7aef40f29166fd4ad12acbc99c0"
dependencies = [
 "bitvec 1.0.1",
 "bytecheck",
 "bytes",
 "hashbrown 0.12.3",
 "ptr_meta",
 "rend",
 "rkyv_derive",
 "seahash",
 "tinyvec",
 "uuid",
]

[[package]]
name = "rkyv_derive"
version = "0.7.44"
source = "registry+https://github.com/rust-lang/crates.io-index"
checksum = "a7dddfff8de25e6f62b9d64e6e432bf1c6736c57d20323e15ee10435fbda7c65"
dependencies = [
 "proc-macro2",
 "quote",
 "syn 1.0.109",
]

[[package]]
name = "rustc-hash"
version = "1.1.0"
source = "registry+https://github.com/rust-lang/crates.io-index"
checksum = "08d43f7aa6b08d49f382cde6a7982047c3426db949b1424bc4b7ec9ae12c6ce2"

[[package]]
name = "rustix"
version = "0.38.34"
source = "registry+https://github.com/rust-lang/crates.io-index"
checksum = "70dc5ec042f7a43c4a73241207cecc9873a06d45debb38b329f8541d85c2730f"
dependencies = [
 "bitflags",
 "errno",
 "libc",
 "linux-raw-sys",
 "windows-sys 0.52.0",
]

[[package]]
name = "ryu"
version = "1.0.18"
source = "registry+https://github.com/rust-lang/crates.io-index"
checksum = "f3cb5ba0dc43242ce17de99c180e96db90b235b8a9fdc9543c96d2209116bd9f"

[[package]]
name = "schemars"
version = "0.8.21"
source = "registry+https://github.com/rust-lang/crates.io-index"
checksum = "09c024468a378b7e36765cd36702b7a90cc3cba11654f6685c8f233408e89e92"
dependencies = [
 "dyn-clone",
 "schemars_derive",
 "serde",
 "serde_json",
]

[[package]]
name = "schemars_derive"
version = "0.8.21"
source = "registry+https://github.com/rust-lang/crates.io-index"
checksum = "b1eee588578aff73f856ab961cd2f79e36bc45d7ded33a7562adba4667aecc0e"
dependencies = [
 "proc-macro2",
 "quote",
 "serde_derive_internals",
 "syn 2.0.74",
]

[[package]]
name = "seahash"
version = "4.1.0"
source = "registry+https://github.com/rust-lang/crates.io-index"
checksum = "1c107b6f4780854c8b126e228ea8869f4d7b71260f962fefb57b996b8959ba6b"

[[package]]
name = "serde"
version = "1.0.208"
source = "registry+https://github.com/rust-lang/crates.io-index"
checksum = "cff085d2cb684faa248efb494c39b68e522822ac0de72ccf08109abde717cfb2"
dependencies = [
 "serde_derive",
]

[[package]]
name = "serde-transcode"
version = "1.1.1"
source = "registry+https://github.com/rust-lang/crates.io-index"
checksum = "590c0e25c2a5bb6e85bf5c1bce768ceb86b316e7a01bdf07d2cb4ec2271990e2"
dependencies = [
 "serde",
]

[[package]]
name = "serde_derive"
version = "1.0.208"
source = "registry+https://github.com/rust-lang/crates.io-index"
checksum = "24008e81ff7613ed8e5ba0cfaf24e2c2f1e5b8a0495711e44fcd4882fca62bcf"
dependencies = [
 "proc-macro2",
 "quote",
 "syn 2.0.74",
]

[[package]]
name = "serde_derive_internals"
version = "0.29.1"
source = "registry+https://github.com/rust-lang/crates.io-index"
checksum = "18d26a20a969b9e3fdf2fc2d9f21eda6c40e2de84c9408bb5d3b05d499aae711"
dependencies = [
 "proc-macro2",
 "quote",
 "syn 2.0.74",
]

[[package]]
name = "serde_json"
version = "1.0.125"
source = "registry+https://github.com/rust-lang/crates.io-index"
checksum = "83c8e735a073ccf5be70aa8066aa984eaf2fa000db6c8d0100ae605b366d31ed"
dependencies = [
 "itoa",
 "memchr",
 "ryu",
 "serde",
]

[[package]]
name = "serde_yaml"
version = "0.8.26"
source = "registry+https://github.com/rust-lang/crates.io-index"
checksum = "578a7433b776b56a35785ed5ce9a7e777ac0598aac5a6dd1b4b18a307c7fc71b"
dependencies = [
 "indexmap 1.9.3",
 "ryu",
 "serde",
 "yaml-rust",
]

[[package]]
name = "serde_yaml"
version = "0.9.34+deprecated"
source = "registry+https://github.com/rust-lang/crates.io-index"
checksum = "6a8b1a1a2ebf674015cc02edccce75287f1a0130d394307b36743c2f5d504b47"
dependencies = [
 "indexmap 2.4.0",
 "itoa",
 "ryu",
 "serde",
 "unsafe-libyaml",
]

[[package]]
name = "sharded-slab"
version = "0.1.7"
source = "registry+https://github.com/rust-lang/crates.io-index"
checksum = "f40ca3c46823713e0d4209592e8d6e826aa57e928f09752619fc696c499637f6"
dependencies = [
 "lazy_static",
]

[[package]]
name = "shlex"
version = "1.3.0"
source = "registry+https://github.com/rust-lang/crates.io-index"
checksum = "0fda2ff0d084019ba4d7c6f371c95d8fd75ce3524c3cb8fb653a3023f6323e64"

[[package]]
name = "simdutf8"
version = "0.1.4"
source = "registry+https://github.com/rust-lang/crates.io-index"
checksum = "f27f6278552951f1f2b8cf9da965d10969b2efdea95a6ec47987ab46edfe263a"

[[package]]
name = "similar"
version = "2.6.0"
source = "registry+https://github.com/rust-lang/crates.io-index"
checksum = "1de1d4f81173b03af4c0cbed3c898f6bff5b870e4a7f5d6f4057d62a7a4b686e"

[[package]]
name = "slab"
version = "0.4.9"
source = "registry+https://github.com/rust-lang/crates.io-index"
checksum = "8f92a496fb766b417c996b9c5e57daf2f7ad3b0bebe1ccfca4856390e3d3bb67"
dependencies = [
 "autocfg",
]

[[package]]
name = "smallvec"
version = "1.13.2"
source = "registry+https://github.com/rust-lang/crates.io-index"
checksum = "3c5e1a9a646d36c3599cd173a41282daf47c44583ad367b8e6837255952e5c67"

[[package]]
name = "sources"
version = "0.0.0"
source = "git+https://github.com/estuary/flow?branch=master#552f6c0ee269326fd3016e11e5e102fb60bbc062"
dependencies = [
 "anyhow",
 "bytes",
 "doc",
 "futures",
 "json",
 "md5",
 "models",
 "proto-flow",
 "schemars",
 "serde",
 "serde-transcode",
 "serde_json",
 "serde_yaml 0.8.26",
 "superslice",
 "tables",
 "thiserror",
 "tracing",
 "url",
 "yaml-merge-keys",
]

[[package]]
name = "superslice"
version = "1.0.0"
source = "registry+https://github.com/rust-lang/crates.io-index"
checksum = "ab16ced94dbd8a46c82fd81e3ed9a8727dac2977ea869d217bcc4ea1f122e81f"

[[package]]
name = "syn"
version = "1.0.109"
source = "registry+https://github.com/rust-lang/crates.io-index"
checksum = "72b64191b275b66ffe2469e8af2c1cfe3bafa67b529ead792a6d0160888b4237"
dependencies = [
 "proc-macro2",
 "quote",
 "unicode-ident",
]

[[package]]
name = "syn"
version = "2.0.74"
source = "registry+https://github.com/rust-lang/crates.io-index"
checksum = "1fceb41e3d546d0bd83421d3409b1460cc7444cd389341a4c880fe7a042cb3d7"
dependencies = [
 "proc-macro2",
 "quote",
 "unicode-ident",
]

[[package]]
name = "tables"
version = "0.0.0"
source = "git+https://github.com/estuary/flow?branch=master#552f6c0ee269326fd3016e11e5e102fb60bbc062"
dependencies = [
 "anyhow",
 "bytes",
 "doc",
 "itertools 0.10.5",
 "json",
 "labels",
 "models",
 "pathfinding",
 "prost",
 "proto-flow",
 "serde",
 "serde_json",
 "superslice",
 "url",
 "uuid",
 "xxhash-rust",
]

[[package]]
name = "tap"
version = "1.0.1"
source = "registry+https://github.com/rust-lang/crates.io-index"
checksum = "55937e1799185b12863d447f42597ed69d9928686b8d88a1df17376a097d8369"

[[package]]
name = "tempfile"
version = "3.12.0"
source = "registry+https://github.com/rust-lang/crates.io-index"
checksum = "04cbcdd0c794ebb0d4cf35e88edd2f7d2c4c3e9a5a6dab322839b321c6a87a64"
dependencies = [
 "cfg-if",
 "fastrand",
 "once_cell",
 "rustix",
 "windows-sys 0.59.0",
]

[[package]]
name = "thiserror"
version = "1.0.63"
source = "registry+https://github.com/rust-lang/crates.io-index"
checksum = "c0342370b38b6a11b6cc11d6a805569958d54cfa061a29969c3b5ce2ea405724"
dependencies = [
 "thiserror-impl",
]

[[package]]
name = "thiserror-impl"
version = "1.0.63"
source = "registry+https://github.com/rust-lang/crates.io-index"
checksum = "a4558b58466b9ad7ca0f102865eccc95938dca1a74a856f2b57b6629050da261"
dependencies = [
 "proc-macro2",
 "quote",
 "syn 2.0.74",
]

[[package]]
name = "thread_local"
version = "1.1.8"
source = "registry+https://github.com/rust-lang/crates.io-index"
checksum = "8b9ef9bad013ada3808854ceac7b46812a6465ba368859a37e2100283d2d719c"
dependencies = [
 "cfg-if",
 "once_cell",
]

[[package]]
name = "time"
version = "0.3.36"
source = "registry+https://github.com/rust-lang/crates.io-index"
checksum = "5dfd88e563464686c916c7e46e623e520ddc6d79fa6641390f2e3fa86e83e885"
dependencies = [
 "deranged",
 "itoa",
 "num-conv",
 "powerfmt",
 "serde",
 "time-core",
 "time-macros",
]

[[package]]
name = "time-core"
version = "0.1.2"
source = "registry+https://github.com/rust-lang/crates.io-index"
checksum = "ef927ca75afb808a4d64dd374f00a2adf8d0fcff8e7b184af886c3c87ec4a3f3"

[[package]]
name = "time-macros"
version = "0.2.18"
source = "registry+https://github.com/rust-lang/crates.io-index"
checksum = "3f252a68540fde3a3877aeea552b832b40ab9a69e318efd078774a01ddee1ccf"
dependencies = [
 "num-conv",
 "time-core",
]

[[package]]
name = "tinyvec"
version = "1.8.0"
source = "registry+https://github.com/rust-lang/crates.io-index"
checksum = "445e881f4f6d382d5f27c034e25eb92edd7c784ceab92a0937db7f2e9471b938"
dependencies = [
 "tinyvec_macros",
]

[[package]]
name = "tinyvec_macros"
version = "0.1.1"
source = "registry+https://github.com/rust-lang/crates.io-index"
checksum = "1f3ccbac311fea05f86f61904b462b55fb3df8837a366dfc601a0161d0532f20"

[[package]]
name = "tracing"
version = "0.1.40"
source = "registry+https://github.com/rust-lang/crates.io-index"
checksum = "c3523ab5a71916ccf420eebdf5521fcef02141234bbc0b8a49f2fdc4544364ef"
dependencies = [
 "pin-project-lite",
 "tracing-attributes",
 "tracing-core",
]

[[package]]
name = "tracing-attributes"
version = "0.1.27"
source = "registry+https://github.com/rust-lang/crates.io-index"
checksum = "34704c8d6ebcbc939824180af020566b01a7c01f80641264eba0999f6c2b6be7"
dependencies = [
 "proc-macro2",
 "quote",
 "syn 2.0.74",
]

[[package]]
name = "tracing-core"
version = "0.1.32"
source = "registry+https://github.com/rust-lang/crates.io-index"
checksum = "c06d3da6113f116aaee68e4d601191614c9053067f9ab7f6edbcb161237daa54"
dependencies = [
 "once_cell",
 "valuable",
]

[[package]]
name = "tracing-log"
version = "0.2.0"
source = "registry+https://github.com/rust-lang/crates.io-index"
checksum = "ee855f1f400bd0e5c02d150ae5de3840039a3f54b025156404e34c23c03f47c3"
dependencies = [
 "log",
 "once_cell",
 "tracing-core",
]

[[package]]
name = "tracing-serde"
version = "0.1.3"
source = "registry+https://github.com/rust-lang/crates.io-index"
checksum = "bc6b213177105856957181934e4920de57730fc69bf42c37ee5bb664d406d9e1"
dependencies = [
 "serde",
 "tracing-core",
]

[[package]]
name = "tracing-subscriber"
version = "0.3.18"
source = "registry+https://github.com/rust-lang/crates.io-index"
checksum = "ad0f048c97dbd9faa9b7df56362b8ebcaa52adb06b498c050d2f4e32f90a7a8b"
dependencies = [
 "matchers",
 "nu-ansi-term",
 "once_cell",
 "regex",
 "serde",
 "serde_json",
 "sharded-slab",
 "smallvec",
 "thread_local",
 "time",
 "tracing",
 "tracing-core",
 "tracing-log",
 "tracing-serde",
]

[[package]]
name = "tuple"
version = "0.0.0"
source = "git+https://github.com/estuary/flow?branch=master#552f6c0ee269326fd3016e11e5e102fb60bbc062"
dependencies = [
 "memchr",
 "serde_json",
]

[[package]]
name = "unicode-bidi"
version = "0.3.15"
source = "registry+https://github.com/rust-lang/crates.io-index"
checksum = "08f95100a766bf4f8f28f90d77e0a5461bbdb219042e7679bebe79004fed8d75"

[[package]]
name = "unicode-ident"
version = "1.0.12"
source = "registry+https://github.com/rust-lang/crates.io-index"
checksum = "3354b9ac3fae1ff6755cb6db53683adb661634f67557942dea4facebec0fee4b"

[[package]]
name = "unicode-normalization"
version = "0.1.23"
source = "registry+https://github.com/rust-lang/crates.io-index"
checksum = "a56d1686db2308d901306f92a263857ef59ea39678a5458e7cb17f01415101f5"
dependencies = [
 "tinyvec",
]

[[package]]
name = "unsafe-libyaml"
version = "0.2.11"
source = "registry+https://github.com/rust-lang/crates.io-index"
checksum = "673aac59facbab8a9007c7f6108d11f63b603f7cabff99fabf650fea5c32b861"

[[package]]
name = "url"
version = "2.5.2"
source = "registry+https://github.com/rust-lang/crates.io-index"
checksum = "22784dbdf76fdde8af1aeda5622b546b422b6fc585325248a2bf9f5e41e94d6c"
dependencies = [
 "form_urlencoded",
 "idna 0.5.0",
 "percent-encoding",
 "serde",
]

[[package]]
name = "uuid"
version = "1.10.0"
source = "registry+https://github.com/rust-lang/crates.io-index"
checksum = "81dfa00651efa65069b0b6b651f4aaa31ba9e3c3ce0137aaad053604ee7e0314"
dependencies = [
 "getrandom",
 "serde",
]

[[package]]
name = "validator"
version = "0.15.0"
source = "registry+https://github.com/rust-lang/crates.io-index"
checksum = "f07b0a1390e01c0fc35ebb26b28ced33c9a3808f7f9fbe94d3cc01e233bfeed5"
dependencies = [
 "idna 0.2.3",
 "lazy_static",
 "regex",
 "serde",
 "serde_derive",
 "serde_json",
 "url",
 "validator_derive",
]

[[package]]
name = "validator_derive"
version = "0.15.0"
source = "registry+https://github.com/rust-lang/crates.io-index"
checksum = "ea7ed5e8cf2b6bdd64a6c4ce851da25388a89327b17b88424ceced6bd5017923"
dependencies = [
 "if_chain",
 "lazy_static",
 "proc-macro-error",
 "proc-macro2",
 "quote",
 "regex",
 "syn 1.0.109",
 "validator_types",
]

[[package]]
name = "validator_types"
version = "0.15.0"
source = "registry+https://github.com/rust-lang/crates.io-index"
checksum = "d2ddf34293296847abfc1493b15c6e2f5d3cd19f57ad7d22673bf4c6278da329"
dependencies = [
 "proc-macro2",
 "syn 1.0.109",
]

[[package]]
name = "valuable"
version = "0.1.0"
source = "registry+https://github.com/rust-lang/crates.io-index"
checksum = "830b7e5d4d90034032940e4ace0d9a9a057e7a45cd94e6c007832e39edb82f6d"

[[package]]
name = "version_check"
version = "0.9.5"
source = "registry+https://github.com/rust-lang/crates.io-index"
checksum = "0b928f33d975fc6ad9f86c8f283853ad26bdd5b10b7f1542aa2fa15e2289105a"

[[package]]
name = "wasi"
version = "0.11.0+wasi-snapshot-preview1"
source = "registry+https://github.com/rust-lang/crates.io-index"
checksum = "9c8d87e72b64a3b4db28d11ce29237c246188f4f51057d65a7eab63b7987e423"

[[package]]
name = "winapi"
version = "0.3.9"
source = "registry+https://github.com/rust-lang/crates.io-index"
checksum = "5c839a674fcd7a98952e593242ea400abe93992746761e38641405d28b00f419"
dependencies = [
 "winapi-i686-pc-windows-gnu",
 "winapi-x86_64-pc-windows-gnu",
]

[[package]]
name = "winapi-i686-pc-windows-gnu"
version = "0.4.0"
source = "registry+https://github.com/rust-lang/crates.io-index"
checksum = "ac3b87c63620426dd9b991e5ce0329eff545bccbbb34f3be09ff6fb6ab51b7b6"

[[package]]
name = "winapi-x86_64-pc-windows-gnu"
version = "0.4.0"
source = "registry+https://github.com/rust-lang/crates.io-index"
checksum = "712e227841d057c1ee1cd2fb22fa7e5a5461ae8e48fa2ca79ec42cfc1931183f"

[[package]]
name = "windows-sys"
version = "0.52.0"
source = "registry+https://github.com/rust-lang/crates.io-index"
checksum = "282be5f36a8ce781fad8c8ae18fa3f9beff57ec1b52cb3de0789201425d9a33d"
dependencies = [
 "windows-targets",
]

[[package]]
name = "windows-sys"
version = "0.59.0"
source = "registry+https://github.com/rust-lang/crates.io-index"
checksum = "1e38bc4d79ed67fd075bcc251a1c39b32a1776bbe92e5bef1f0bf1f8c531853b"
dependencies = [
 "windows-targets",
]

[[package]]
name = "windows-targets"
version = "0.52.6"
source = "registry+https://github.com/rust-lang/crates.io-index"
checksum = "9b724f72796e036ab90c1021d4780d4d3d648aca59e491e6b98e725b84e99973"
dependencies = [
 "windows_aarch64_gnullvm",
 "windows_aarch64_msvc",
 "windows_i686_gnu",
 "windows_i686_gnullvm",
 "windows_i686_msvc",
 "windows_x86_64_gnu",
 "windows_x86_64_gnullvm",
 "windows_x86_64_msvc",
]

[[package]]
name = "windows_aarch64_gnullvm"
version = "0.52.6"
source = "registry+https://github.com/rust-lang/crates.io-index"
checksum = "32a4622180e7a0ec044bb555404c800bc9fd9ec262ec147edd5989ccd0c02cd3"

[[package]]
name = "windows_aarch64_msvc"
version = "0.52.6"
source = "registry+https://github.com/rust-lang/crates.io-index"
checksum = "09ec2a7bb152e2252b53fa7803150007879548bc709c039df7627cabbd05d469"

[[package]]
name = "windows_i686_gnu"
version = "0.52.6"
source = "registry+https://github.com/rust-lang/crates.io-index"
checksum = "8e9b5ad5ab802e97eb8e295ac6720e509ee4c243f69d781394014ebfe8bbfa0b"

[[package]]
name = "windows_i686_gnullvm"
version = "0.52.6"
source = "registry+https://github.com/rust-lang/crates.io-index"
checksum = "0eee52d38c090b3caa76c563b86c3a4bd71ef1a819287c19d586d7334ae8ed66"

[[package]]
name = "windows_i686_msvc"
version = "0.52.6"
source = "registry+https://github.com/rust-lang/crates.io-index"
checksum = "240948bc05c5e7c6dabba28bf89d89ffce3e303022809e73deaefe4f6ec56c66"

[[package]]
name = "windows_x86_64_gnu"
version = "0.52.6"
source = "registry+https://github.com/rust-lang/crates.io-index"
checksum = "147a5c80aabfbf0c7d901cb5895d1de30ef2907eb21fbbab29ca94c5b08b1a78"

[[package]]
name = "windows_x86_64_gnullvm"
version = "0.52.6"
source = "registry+https://github.com/rust-lang/crates.io-index"
checksum = "24d5b23dc417412679681396f2b49f3de8c1473deb516bd34410872eff51ed0d"

[[package]]
name = "windows_x86_64_msvc"
version = "0.52.6"
source = "registry+https://github.com/rust-lang/crates.io-index"
checksum = "589f6da84c646204747d1270a2a5661ea66ed1cced2631d546fdfb155959f9ec"

[[package]]
name = "wyz"
version = "0.2.0"
source = "registry+https://github.com/rust-lang/crates.io-index"
checksum = "85e60b0d1b5f99db2556934e21937020776a5d31520bf169e851ac44e6420214"

[[package]]
name = "wyz"
version = "0.5.1"
source = "registry+https://github.com/rust-lang/crates.io-index"
checksum = "05f360fc0b24296329c78fda852a1e9ae82de9cf7b27dae4b7f62f118f77b9ed"
dependencies = [
 "tap",
]

[[package]]
name = "xxhash-rust"
version = "0.8.12"
source = "registry+https://github.com/rust-lang/crates.io-index"
checksum = "6a5cbf750400958819fb6178eaa83bee5cd9c29a26a40cc241df8c70fdd46984"

[[package]]
name = "yaml-merge-keys"
version = "0.5.1"
source = "registry+https://github.com/rust-lang/crates.io-index"
checksum = "af47d205071caaef70ebce5e04e1d88eba944833f8a6626dacdda700f86c285a"
dependencies = [
 "lazy_static",
 "serde_yaml 0.8.26",
 "thiserror",
 "yaml-rust",
]

[[package]]
name = "yaml-rust"
version = "0.4.5"
source = "registry+https://github.com/rust-lang/crates.io-index"
checksum = "56c1936c4cc7a1c9ab21a1ebb602eb942ba868cbd44a99cb7cdc5892335e1c85"
dependencies = [
 "linked-hash-map",
]

[[package]]
name = "zeroize"
version = "1.8.1"
source = "registry+https://github.com/rust-lang/crates.io-index"
checksum = "ced3678a2879b30306d323f4542626697a464a97c0a07c9aebf7ebca65cd4dde"
